
Microsoft Visual Studio Solution File, Format Version 12.00
# Visual Studio 14
VisualStudioVersion = 14.0.25123.0
MinimumVisualStudioVersion = 10.0.40219.1
Project("{FAE04EC0-301F-11D3-BF4B-00C04F79EFBC}") = "TomTom.DataTable.Demo", "TomTom.DataTable.Demo\TomTom.DataTable.Demo.csproj", "{D3E15C6B-0A54-4EDF-ACC4-D40F08DC4790}"
EndProject
Project("{FAE04EC0-301F-11D3-BF4B-00C04F79EFBC}") = "TomTom.DataTable.Razor", "TomTom.DataTable\TomTom.DataTable.Razor.csproj", "{5D9EE93D-5F16-4D58-BC1B-0B230E9ED079}"
EndProject
Project("{FAE04EC0-301F-11D3-BF4B-00C04F79EFBC}") = "TomTom.DataTable.Razor.Tests", "TomTom.DataTable.Tests\TomTom.DataTable.Razor.Tests.csproj", "{61B122D5-3B7A-4E5C-AE22-7AC3EFB51675}"
EndProject
Project("{FAE04EC0-301F-11D3-BF4B-00C04F79EFBC}") = "TomTom.DataTable.Core", "TomTom.Core\TomTom.DataTable.Core.csproj", "{80D35C6C-4A7D-486F-B0C4-D6A2B0FF5103}"
EndProject
Project("{FAE04EC0-301F-11D3-BF4B-00C04F79EFBC}") = "TomTom.Utilities", "TomTom.Helpers\TomTom.Utilities.csproj", "{E2B5F6DC-9EB3-42BA-B8EA-943E883E2788}"
EndProject
Global
	GlobalSection(SolutionConfigurationPlatforms) = preSolution
		Debug|Any CPU = Debug|Any CPU
		Release|Any CPU = Release|Any CPU
	EndGlobalSection
	GlobalSection(ProjectConfigurationPlatforms) = postSolution
		{D3E15C6B-0A54-4EDF-ACC4-D40F08DC4790}.Debug|Any CPU.ActiveCfg = Debug|Any CPU
		{D3E15C6B-0A54-4EDF-ACC4-D40F08DC4790}.Debug|Any CPU.Build.0 = Debug|Any CPU
		{D3E15C6B-0A54-4EDF-ACC4-D40F08DC4790}.Release|Any CPU.ActiveCfg = Release|Any CPU
		{D3E15C6B-0A54-4EDF-ACC4-D40F08DC4790}.Release|Any CPU.Build.0 = Release|Any CPU
		{5D9EE93D-5F16-4D58-BC1B-0B230E9ED079}.Debug|Any CPU.ActiveCfg = Debug|Any CPU
		{5D9EE93D-5F16-4D58-BC1B-0B230E9ED079}.Debug|Any CPU.Build.0 = Debug|Any CPU
		{5D9EE93D-5F16-4D58-BC1B-0B230E9ED079}.Release|Any CPU.ActiveCfg = Release|Any CPU
		{5D9EE93D-5F16-4D58-BC1B-0B230E9ED079}.Release|Any CPU.Build.0 = Release|Any CPU
		{61B122D5-3B7A-4E5C-AE22-7AC3EFB51675}.Debug|Any CPU.ActiveCfg = Debug|Any CPU
		{61B122D5-3B7A-4E5C-AE22-7AC3EFB51675}.Debug|Any CPU.Build.0 = Debug|Any CPU
		{61B122D5-3B7A-4E5C-AE22-7AC3EFB51675}.Release|Any CPU.ActiveCfg = Release|Any CPU
		{61B122D5-3B7A-4E5C-AE22-7AC3EFB51675}.Release|Any CPU.Build.0 = Release|Any CPU
		{80D35C6C-4A7D-486F-B0C4-D6A2B0FF5103}.Debug|Any CPU.ActiveCfg = Debug|Any CPU
		{80D35C6C-4A7D-486F-B0C4-D6A2B0FF5103}.Debug|Any CPU.Build.0 = Debug|Any CPU
		{80D35C6C-4A7D-486F-B0C4-D6A2B0FF5103}.Release|Any CPU.ActiveCfg = Release|Any CPU
		{80D35C6C-4A7D-486F-B0C4-D6A2B0FF5103}.Release|Any CPU.Build.0 = Release|Any CPU
		{E2B5F6DC-9EB3-42BA-B8EA-943E883E2788}.Debug|Any CPU.ActiveCfg = Debug|Any CPU
		{E2B5F6DC-9EB3-42BA-B8EA-943E883E2788}.Debug|Any CPU.Build.0 = Debug|Any CPU
		{E2B5F6DC-9EB3-42BA-B8EA-943E883E2788}.Release|Any CPU.ActiveCfg = Release|Any CPU
		{E2B5F6DC-9EB3-42BA-B8EA-943E883E2788}.Release|Any CPU.Build.0 = Release|Any CPU
	EndGlobalSection
	GlobalSection(SolutionProperties) = preSolution
		HideSolutionNode = FALSE
	EndGlobalSection
EndGlobal
